
Microsoft Visual Studio Solution File, Format Version 12.00
Project("{FAE04EC0-301F-11D3-BF4B-00C04F79EFBC}") = "Guinevere", "Guinevere\Guinevere.csproj", "{21D8C17F-A52A-4D64-8A33-1CB17DBA01CF}"
EndProject
Project("{FAE04EC0-301F-11D3-BF4B-00C04F79EFBC}") = "Guinevere.Tests", "Guinevere.Tests\Guinevere.Tests.csproj", "{B74D3F32-CE4F-4149-9581-12DCB4ABB880}"
EndProject
Project("{9A19103F-16F7-4668-BE54-9A1E7A4F7556}") = "Guinevere.Nuke", ".nuke\Guinevere.Nuke.csproj", "{B080E80D-DAB6-4FB0-9B03-05E1D6340DF2}"
EndProject
Project("{2150E333-8FDC-42A3-9474-1A3956D46DE8}") = "Integrations", "Integrations", "{2DF9AC9B-E4D4-457C-9CDC-C00D361BD25A}"
EndProject
Project("{FAE04EC0-301F-11D3-BF4B-00C04F79EFBC}") = "Guinevere.OpenGL.OpenTK", "Integrations\Guinevere.OpenGL.OpenTK\Guinevere.OpenGL.OpenTK.csproj", "{0F331F39-5A44-4E2D-8515-FE85ECBA18D3}"
EndProject
Project("{FAE04EC0-301F-11D3-BF4B-00C04F79EFBC}") = "Guinevere.OpenGL.Raylib", "Integrations\Guinevere.OpenGL.Raylib\Guinevere.OpenGL.Raylib.csproj", "{FC54F083-C88D-4D27-B07E-FCF9DE3E1565}"
EndProject
Project("{FAE04EC0-301F-11D3-BF4B-00C04F79EFBC}") = "Guinevere.OpenGL.SilkNET", "Integrations\Guinevere.OpenGL.SilkNET\Guinevere.OpenGL.SilkNET.csproj", "{1B280CB0-5F0D-4E0F-9FD3-FC04B5387B5C}"
EndProject
Project("{2150E333-8FDC-42A3-9474-1A3956D46DE8}") = "Samples", "Samples", "{F337FCC2-DE28-4E95-8700-24A64E69EE3F}"
EndProject
Project("{FAE04EC0-301F-11D3-BF4B-00C04F79EFBC}") = "Sample-01", "Samples\Sample-01\Sample-01.csproj", "{647C81BF-FFB7-4F4F-BBA0-11C9E4A48486}"
EndProject
Project("{FAE04EC0-301F-11D3-BF4B-00C04F79EFBC}") = "Sample-01-OpenGL-OpenTK", "Samples\Sample-01-OpenGL-OpenTK\Sample-01-OpenGL-OpenTK.csproj", "{25398220-B75E-4DA0-8411-7DFCD119F291}"
EndProject
Project("{FAE04EC0-301F-11D3-BF4B-00C04F79EFBC}") = "Sample-01-OpenGL-Raylib", "Samples\Sample-01-OpenGL-Raylib\Sample-01-OpenGL-Raylib.csproj", "{EED87EC8-3D9C-4954-A16B-AD1C395F9126}"
EndProject
Project("{FAE04EC0-301F-11D3-BF4B-00C04F79EFBC}") = "Sample-01-OpenGL-SilkNet", "Samples\Sample-01-OpenGL-SilkNet\Sample-01-OpenGL-SilkNet.csproj", "{01EF4323-1FDE-44C3-9F2A-43CAEEC51B2F}"
EndProject
Project("{FAE04EC0-301F-11D3-BF4B-00C04F79EFBC}") = "Sample-03-ChildrenLayout", "Samples\Sample-03-ChildrenLayout\Sample-03-ChildrenLayout.csproj", "{07EEFED1-40E4-4333-86AE-8D23055C8FE9}"
EndProject
Project("{FAE04EC0-301F-11D3-BF4B-00C04F79EFBC}") = "Sample-04-Texts", "Samples\Sample-04-Texts\Sample-04-Texts.csproj", "{B051052F-5019-4468-A042-0216F2E65FA1}"
EndProject
Project("{FAE04EC0-301F-11D3-BF4B-00C04F79EFBC}") = "Sample-41-AdvancedLayoutDemo", "Samples\Sample-41-AdvancedLayoutDemo\Sample-41-AdvancedLayoutDemo.csproj", "{4C571DDC-4594-46B0-B8AC-7B76C103F595}"
EndProject
Project("{FAE04EC0-301F-11D3-BF4B-00C04F79EFBC}") = "Sample-42-ResponsiveLayoutDemo", "Samples\Sample-42-ResponsiveLayoutDemo\Sample-42-ResponsiveLayoutDemo.csproj", "{366D543A-749B-4F38-8C2A-2263CA21E071}"
EndProject
Project("{FAE04EC0-301F-11D3-BF4B-00C04F79EFBC}") = "Sample-43-AnimatedLayoutDemo", "Samples\Sample-43-AnimatedLayoutDemo\Sample-43-AnimatedLayoutDemo.csproj", "{F7351772-5ECE-413D-B355-B3FC3FA4C209}"
EndProject
Project("{FAE04EC0-301F-11D3-BF4B-00C04F79EFBC}") = "Sample-50-Controls", "Samples\Sample-50-Controls\Sample-50-Controls.csproj", "{DDF11295-3773-45CC-BA02-B32B329875A0}"
EndProject
Project("{FAE04EC0-301F-11D3-BF4B-00C04F79EFBC}") = "Sample-75-PaperUI-Dashboard", "Samples\Sample-75-PaperUI-Dashboard\Sample-75-PaperUI-Dashboard.csproj", "{9E95AC6D-B8FE-43F2-98D2-24F2C6A9EE75}"
EndProject
Project("{FAE04EC0-301F-11D3-BF4B-00C04F79EFBC}") = "Sample-70-PanGui-HelloWorld", "Samples\Sample-70-PanGui-HelloWorld\Sample-70-PanGui-HelloWorld.csproj", "{D34BF4A8-727B-4E11-A8BB-85AA0A256C0A}"
EndProject
Project("{FAE04EC0-301F-11D3-BF4B-00C04F79EFBC}") = "Sample-71-PanGui-HelloTriangle", "Samples\Sample-71-PanGui-HelloTriangle\Sample-71-PanGui-HelloTriangle.csproj", "{FA69B4BC-51A5-4761-A23D-668FFC85A1CB}"
EndProject
Project("{FAE04EC0-301F-11D3-BF4B-00C04F79EFBC}") = "Sample-72-PanGui-AirbnbSlider", "Samples\Sample-72-PanGui-AirbnbSlider\Sample-72-PanGui-AirbnbSlider.csproj", "{17A6DF7D-2694-4EC9-8B8D-A1FA29DD7C4F}"
EndProject
Project("{FAE04EC0-301F-11D3-BF4B-00C04F79EFBC}") = "Sample-73-PanGui-MusicApp", "Samples\Sample-73-PanGui-MusicApp\Sample-73-PanGui-MusicApp.csproj", "{7854BA50-54ED-4E54-B7CC-C0D79B1EEF67}"
EndProject
Project("{FAE04EC0-301F-11D3-BF4B-00C04F79EFBC}") = "Sample-05-SingleNodeExpandMargin", "Samples\Sample-05-SingleNodeExpandMargin\Sample-05-SingleNodeExpandMargin.csproj", "{8E4271DC-6025-434D-A206-3B40E522C5A2}"
EndProject
Project("{FAE04EC0-301F-11D3-BF4B-00C04F79EFBC}") = "Sample-74-PanGui-Heart", "Samples\Sample-74-PanGui-Heart\Sample-74-PanGui-Heart.csproj", "{52A5E6F1-C7AE-412B-A2DD-724CB688B194}"
EndProject
Project("{FAE04EC0-301F-11D3-BF4B-00C04F79EFBC}") = "Guinevere.Vulkan.SilkNET", "Integrations\Guinevere.Vulkan.SilkNET\Guinevere.Vulkan.SilkNET.csproj", "{68627668-C5D8-4578-9117-652929655315}"
EndProject
Project("{FAE04EC0-301F-11D3-BF4B-00C04F79EFBC}") = "Sample-01-Vulkan-SilkNet", "Samples\Sample-01-Vulkan-SilkNet\Sample-01-Vulkan-SilkNet.csproj", "{421603C7-D474-4E8E-B9DA-13C39F1864D4}"
EndProject
Project("{FAE04EC0-301F-11D3-BF4B-00C04F79EFBC}") = "Sample-51-Buttons", "Samples\Sample-51-Buttons\Sample-51-Buttons.csproj", "{9AC621E1-913C-4FF8-AECB-6D6067585188}"
EndProject
Project("{FAE04EC0-301F-11D3-BF4B-00C04F79EFBC}") = "Sample-52-TextInput-MultiPlatform", "Samples\Sample-52-TextInput-MultiPlatform\Sample-52-TextInput-MultiPlatform.csproj", "{AB044BF2-86F6-4055-B19C-2E3F11CC2D52}"
EndProject
Project("{FAE04EC0-301F-11D3-BF4B-00C04F79EFBC}") = "Sample-06-Animation", "Samples\Sample-06-Animation\Sample-06-Animation.csproj", "{570A4F50-16A0-4844-BB4B-866D91385E0C}"
EndProject
Project("{FAE04EC0-301F-11D3-BF4B-00C04F79EFBC}") = "Sample-53-Menus", "Samples\Sample-53-Menus\Sample-53-Menus.csproj", "{DF8D5F85-D5A4-4ECB-AE49-ADE8ED3B7F36}"
EndProject
Project("{FAE04EC0-301F-11D3-BF4B-00C04F79EFBC}") = "Sample-07-Scroll", "Samples\Sample-07-Scroll\Sample-07-Scroll.csproj", "{3D57DC36-2F8D-4EF4-9C93-CC020900A8B8}"
EndProject
Global
	GlobalSection(SolutionConfigurationPlatforms) = preSolution
		Debug|Any CPU = Debug|Any CPU
		Release|Any CPU = Release|Any CPU
	EndGlobalSection
	GlobalSection(ProjectConfigurationPlatforms) = postSolution
		{B080E80D-DAB6-4FB0-9B03-05E1D6340DF2}.Debug|Any CPU.ActiveCfg = Debug|Any CPU
		{B080E80D-DAB6-4FB0-9B03-05E1D6340DF2}.Release|Any CPU.ActiveCfg = Release|Any CPU
		{21D8C17F-A52A-4D64-8A33-1CB17DBA01CF}.Debug|Any CPU.ActiveCfg = Debug|Any CPU
		{21D8C17F-A52A-4D64-8A33-1CB17DBA01CF}.Debug|Any CPU.Build.0 = Debug|Any CPU
		{21D8C17F-A52A-4D64-8A33-1CB17DBA01CF}.Release|Any CPU.ActiveCfg = Release|Any CPU
		{21D8C17F-A52A-4D64-8A33-1CB17DBA01CF}.Release|Any CPU.Build.0 = Release|Any CPU
		{25398220-B75E-4DA0-8411-7DFCD119F291}.Debug|Any CPU.ActiveCfg = Debug|Any CPU
		{25398220-B75E-4DA0-8411-7DFCD119F291}.Debug|Any CPU.Build.0 = Debug|Any CPU
		{25398220-B75E-4DA0-8411-7DFCD119F291}.Release|Any CPU.ActiveCfg = Release|Any CPU
		{25398220-B75E-4DA0-8411-7DFCD119F291}.Release|Any CPU.Build.0 = Release|Any CPU
		{0F331F39-5A44-4E2D-8515-FE85ECBA18D3}.Debug|Any CPU.ActiveCfg = Debug|Any CPU
		{0F331F39-5A44-4E2D-8515-FE85ECBA18D3}.Debug|Any CPU.Build.0 = Debug|Any CPU
		{0F331F39-5A44-4E2D-8515-FE85ECBA18D3}.Release|Any CPU.ActiveCfg = Release|Any CPU
		{0F331F39-5A44-4E2D-8515-FE85ECBA18D3}.Release|Any CPU.Build.0 = Release|Any CPU
		{FC54F083-C88D-4D27-B07E-FCF9DE3E1565}.Debug|Any CPU.ActiveCfg = Debug|Any CPU
		{FC54F083-C88D-4D27-B07E-FCF9DE3E1565}.Debug|Any CPU.Build.0 = Debug|Any CPU
		{FC54F083-C88D-4D27-B07E-FCF9DE3E1565}.Release|Any CPU.ActiveCfg = Release|Any CPU
		{FC54F083-C88D-4D27-B07E-FCF9DE3E1565}.Release|Any CPU.Build.0 = Release|Any CPU
		{1B280CB0-5F0D-4E0F-9FD3-FC04B5387B5C}.Debug|Any CPU.ActiveCfg = Debug|Any CPU
		{1B280CB0-5F0D-4E0F-9FD3-FC04B5387B5C}.Debug|Any CPU.Build.0 = Debug|Any CPU
		{1B280CB0-5F0D-4E0F-9FD3-FC04B5387B5C}.Release|Any CPU.ActiveCfg = Release|Any CPU
		{1B280CB0-5F0D-4E0F-9FD3-FC04B5387B5C}.Release|Any CPU.Build.0 = Release|Any CPU
		{EED87EC8-3D9C-4954-A16B-AD1C395F9126}.Debug|Any CPU.ActiveCfg = Debug|Any CPU
		{EED87EC8-3D9C-4954-A16B-AD1C395F9126}.Debug|Any CPU.Build.0 = Debug|Any CPU
		{EED87EC8-3D9C-4954-A16B-AD1C395F9126}.Release|Any CPU.ActiveCfg = Release|Any CPU
		{EED87EC8-3D9C-4954-A16B-AD1C395F9126}.Release|Any CPU.Build.0 = Release|Any CPU
		{01EF4323-1FDE-44C3-9F2A-43CAEEC51B2F}.Debug|Any CPU.ActiveCfg = Debug|Any CPU
		{01EF4323-1FDE-44C3-9F2A-43CAEEC51B2F}.Debug|Any CPU.Build.0 = Debug|Any CPU
		{01EF4323-1FDE-44C3-9F2A-43CAEEC51B2F}.Release|Any CPU.ActiveCfg = Release|Any CPU
		{01EF4323-1FDE-44C3-9F2A-43CAEEC51B2F}.Release|Any CPU.Build.0 = Release|Any CPU
		{B051052F-5019-4468-A042-0216F2E65FA1}.Debug|Any CPU.ActiveCfg = Debug|Any CPU
		{B051052F-5019-4468-A042-0216F2E65FA1}.Debug|Any CPU.Build.0 = Debug|Any CPU
		{B051052F-5019-4468-A042-0216F2E65FA1}.Release|Any CPU.ActiveCfg = Release|Any CPU
		{B051052F-5019-4468-A042-0216F2E65FA1}.Release|Any CPU.Build.0 = Release|Any CPU
		{D34BF4A8-727B-4E11-A8BB-85AA0A256C0A}.Debug|Any CPU.ActiveCfg = Debug|Any CPU
		{D34BF4A8-727B-4E11-A8BB-85AA0A256C0A}.Debug|Any CPU.Build.0 = Debug|Any CPU
		{D34BF4A8-727B-4E11-A8BB-85AA0A256C0A}.Release|Any CPU.ActiveCfg = Release|Any CPU
		{D34BF4A8-727B-4E11-A8BB-85AA0A256C0A}.Release|Any CPU.Build.0 = Release|Any CPU
		{FA69B4BC-51A5-4761-A23D-668FFC85A1CB}.Debug|Any CPU.ActiveCfg = Debug|Any CPU
		{FA69B4BC-51A5-4761-A23D-668FFC85A1CB}.Debug|Any CPU.Build.0 = Debug|Any CPU
		{FA69B4BC-51A5-4761-A23D-668FFC85A1CB}.Release|Any CPU.ActiveCfg = Release|Any CPU
		{FA69B4BC-51A5-4761-A23D-668FFC85A1CB}.Release|Any CPU.Build.0 = Release|Any CPU
		{17A6DF7D-2694-4EC9-8B8D-A1FA29DD7C4F}.Debug|Any CPU.ActiveCfg = Debug|Any CPU
		{17A6DF7D-2694-4EC9-8B8D-A1FA29DD7C4F}.Debug|Any CPU.Build.0 = Debug|Any CPU
		{17A6DF7D-2694-4EC9-8B8D-A1FA29DD7C4F}.Release|Any CPU.ActiveCfg = Release|Any CPU
		{17A6DF7D-2694-4EC9-8B8D-A1FA29DD7C4F}.Release|Any CPU.Build.0 = Release|Any CPU
		{9E95AC6D-B8FE-43F2-98D2-24F2C6A9EE75}.Debug|Any CPU.ActiveCfg = Debug|Any CPU
		{9E95AC6D-B8FE-43F2-98D2-24F2C6A9EE75}.Debug|Any CPU.Build.0 = Debug|Any CPU
		{9E95AC6D-B8FE-43F2-98D2-24F2C6A9EE75}.Release|Any CPU.ActiveCfg = Release|Any CPU
		{9E95AC6D-B8FE-43F2-98D2-24F2C6A9EE75}.Release|Any CPU.Build.0 = Release|Any CPU
		{07EEFED1-40E4-4333-86AE-8D23055C8FE9}.Debug|Any CPU.ActiveCfg = Debug|Any CPU
		{07EEFED1-40E4-4333-86AE-8D23055C8FE9}.Debug|Any CPU.Build.0 = Debug|Any CPU
		{07EEFED1-40E4-4333-86AE-8D23055C8FE9}.Release|Any CPU.ActiveCfg = Release|Any CPU
		{07EEFED1-40E4-4333-86AE-8D23055C8FE9}.Release|Any CPU.Build.0 = Release|Any CPU
		{647C81BF-FFB7-4F4F-BBA0-11C9E4A48486}.Debug|Any CPU.ActiveCfg = Debug|Any CPU
		{647C81BF-FFB7-4F4F-BBA0-11C9E4A48486}.Debug|Any CPU.Build.0 = Debug|Any CPU
		{647C81BF-FFB7-4F4F-BBA0-11C9E4A48486}.Release|Any CPU.ActiveCfg = Release|Any CPU
		{647C81BF-FFB7-4F4F-BBA0-11C9E4A48486}.Release|Any CPU.Build.0 = Release|Any CPU
		{4C571DDC-4594-46B0-B8AC-7B76C103F595}.Debug|Any CPU.ActiveCfg = Debug|Any CPU
		{4C571DDC-4594-46B0-B8AC-7B76C103F595}.Debug|Any CPU.Build.0 = Debug|Any CPU
		{4C571DDC-4594-46B0-B8AC-7B76C103F595}.Release|Any CPU.ActiveCfg = Release|Any CPU
		{4C571DDC-4594-46B0-B8AC-7B76C103F595}.Release|Any CPU.Build.0 = Release|Any CPU
		{366D543A-749B-4F38-8C2A-2263CA21E071}.Debug|Any CPU.ActiveCfg = Debug|Any CPU
		{366D543A-749B-4F38-8C2A-2263CA21E071}.Debug|Any CPU.Build.0 = Debug|Any CPU
		{366D543A-749B-4F38-8C2A-2263CA21E071}.Release|Any CPU.ActiveCfg = Release|Any CPU
		{366D543A-749B-4F38-8C2A-2263CA21E071}.Release|Any CPU.Build.0 = Release|Any CPU
		{F7351772-5ECE-413D-B355-B3FC3FA4C209}.Debug|Any CPU.ActiveCfg = Debug|Any CPU
		{F7351772-5ECE-413D-B355-B3FC3FA4C209}.Debug|Any CPU.Build.0 = Debug|Any CPU
		{F7351772-5ECE-413D-B355-B3FC3FA4C209}.Release|Any CPU.ActiveCfg = Release|Any CPU
		{F7351772-5ECE-413D-B355-B3FC3FA4C209}.Release|Any CPU.Build.0 = Release|Any CPU
		{DDF11295-3773-45CC-BA02-B32B329875A0}.Debug|Any CPU.ActiveCfg = Debug|Any CPU
		{DDF11295-3773-45CC-BA02-B32B329875A0}.Debug|Any CPU.Build.0 = Debug|Any CPU
		{DDF11295-3773-45CC-BA02-B32B329875A0}.Release|Any CPU.ActiveCfg = Release|Any CPU
		{DDF11295-3773-45CC-BA02-B32B329875A0}.Release|Any CPU.Build.0 = Release|Any CPU
		{B74D3F32-CE4F-4149-9581-12DCB4ABB880}.Debug|Any CPU.ActiveCfg = Debug|Any CPU
		{B74D3F32-CE4F-4149-9581-12DCB4ABB880}.Debug|Any CPU.Build.0 = Debug|Any CPU
		{B74D3F32-CE4F-4149-9581-12DCB4ABB880}.Release|Any CPU.ActiveCfg = Release|Any CPU
		{B74D3F32-CE4F-4149-9581-12DCB4ABB880}.Release|Any CPU.Build.0 = Release|Any CPU
		{7854BA50-54ED-4E54-B7CC-C0D79B1EEF67}.Debug|Any CPU.ActiveCfg = Debug|Any CPU
		{7854BA50-54ED-4E54-B7CC-C0D79B1EEF67}.Release|Any CPU.ActiveCfg = Release|Any CPU
		{8E4271DC-6025-434D-A206-3B40E522C5A2}.Debug|Any CPU.ActiveCfg = Debug|Any CPU
		{8E4271DC-6025-434D-A206-3B40E522C5A2}.Debug|Any CPU.Build.0 = Debug|Any CPU
		{8E4271DC-6025-434D-A206-3B40E522C5A2}.Release|Any CPU.ActiveCfg = Release|Any CPU
		{8E4271DC-6025-434D-A206-3B40E522C5A2}.Release|Any CPU.Build.0 = Release|Any CPU
		{52A5E6F1-C7AE-412B-A2DD-724CB688B194}.Debug|Any CPU.ActiveCfg = Debug|Any CPU
		{52A5E6F1-C7AE-412B-A2DD-724CB688B194}.Debug|Any CPU.Build.0 = Debug|Any CPU
		{52A5E6F1-C7AE-412B-A2DD-724CB688B194}.Release|Any CPU.ActiveCfg = Release|Any CPU
		{52A5E6F1-C7AE-412B-A2DD-724CB688B194}.Release|Any CPU.Build.0 = Release|Any CPU
		{68627668-C5D8-4578-9117-652929655315}.Debug|Any CPU.ActiveCfg = Debug|Any CPU
		{68627668-C5D8-4578-9117-652929655315}.Debug|Any CPU.Build.0 = Debug|Any CPU
		{68627668-C5D8-4578-9117-652929655315}.Release|Any CPU.ActiveCfg = Release|Any CPU
		{68627668-C5D8-4578-9117-652929655315}.Release|Any CPU.Build.0 = Release|Any CPU
		{421603C7-D474-4E8E-B9DA-13C39F1864D4}.Debug|Any CPU.ActiveCfg = Debug|Any CPU
		{421603C7-D474-4E8E-B9DA-13C39F1864D4}.Debug|Any CPU.Build.0 = Debug|Any CPU
		{421603C7-D474-4E8E-B9DA-13C39F1864D4}.Release|Any CPU.ActiveCfg = Release|Any CPU
		{421603C7-D474-4E8E-B9DA-13C39F1864D4}.Release|Any CPU.Build.0 = Release|Any CPU
		{9AC621E1-913C-4FF8-AECB-6D6067585188}.Debug|Any CPU.ActiveCfg = Debug|Any CPU
		{9AC621E1-913C-4FF8-AECB-6D6067585188}.Debug|Any CPU.Build.0 = Debug|Any CPU
		{9AC621E1-913C-4FF8-AECB-6D6067585188}.Release|Any CPU.ActiveCfg = Release|Any CPU
		{9AC621E1-913C-4FF8-AECB-6D6067585188}.Release|Any CPU.Build.0 = Release|Any CPU
		{AB044BF2-86F6-4055-B19C-2E3F11CC2D52}.Debug|Any CPU.ActiveCfg = Debug|Any CPU
		{AB044BF2-86F6-4055-B19C-2E3F11CC2D52}.Debug|Any CPU.Build.0 = Debug|Any CPU
		{AB044BF2-86F6-4055-B19C-2E3F11CC2D52}.Release|Any CPU.ActiveCfg = Release|Any CPU
		{AB044BF2-86F6-4055-B19C-2E3F11CC2D52}.Release|Any CPU.Build.0 = Release|Any CPU
		{570A4F50-16A0-4844-BB4B-866D91385E0C}.Debug|Any CPU.ActiveCfg = Debug|Any CPU
		{570A4F50-16A0-4844-BB4B-866D91385E0C}.Debug|Any CPU.Build.0 = Debug|Any CPU
		{570A4F50-16A0-4844-BB4B-866D91385E0C}.Release|Any CPU.ActiveCfg = Release|Any CPU
		{570A4F50-16A0-4844-BB4B-866D91385E0C}.Release|Any CPU.Build.0 = Release|Any CPU
		{DF8D5F85-D5A4-4ECB-AE49-ADE8ED3B7F36}.Debug|Any CPU.ActiveCfg = Debug|Any CPU
		{DF8D5F85-D5A4-4ECB-AE49-ADE8ED3B7F36}.Debug|Any CPU.Build.0 = Debug|Any CPU
		{DF8D5F85-D5A4-4ECB-AE49-ADE8ED3B7F36}.Release|Any CPU.ActiveCfg = Release|Any CPU
		{DF8D5F85-D5A4-4ECB-AE49-ADE8ED3B7F36}.Release|Any CPU.Build.0 = Release|Any CPU
		{3D57DC36-2F8D-4EF4-9C93-CC020900A8B8}.Debug|Any CPU.ActiveCfg = Debug|Any CPU
		{3D57DC36-2F8D-4EF4-9C93-CC020900A8B8}.Debug|Any CPU.Build.0 = Debug|Any CPU
		{3D57DC36-2F8D-4EF4-9C93-CC020900A8B8}.Release|Any CPU.ActiveCfg = Release|Any CPU
		{3D57DC36-2F8D-4EF4-9C93-CC020900A8B8}.Release|Any CPU.Build.0 = Release|Any CPU
	EndGlobalSection
	GlobalSection(NestedProjects) = preSolution
		{25398220-B75E-4DA0-8411-7DFCD119F291} = {F337FCC2-DE28-4E95-8700-24A64E69EE3F}
		{0F331F39-5A44-4E2D-8515-FE85ECBA18D3} = {2DF9AC9B-E4D4-457C-9CDC-C00D361BD25A}
		{FC54F083-C88D-4D27-B07E-FCF9DE3E1565} = {2DF9AC9B-E4D4-457C-9CDC-C00D361BD25A}
		{1B280CB0-5F0D-4E0F-9FD3-FC04B5387B5C} = {2DF9AC9B-E4D4-457C-9CDC-C00D361BD25A}
		{EED87EC8-3D9C-4954-A16B-AD1C395F9126} = {F337FCC2-DE28-4E95-8700-24A64E69EE3F}
		{01EF4323-1FDE-44C3-9F2A-43CAEEC51B2F} = {F337FCC2-DE28-4E95-8700-24A64E69EE3F}
		{B051052F-5019-4468-A042-0216F2E65FA1} = {F337FCC2-DE28-4E95-8700-24A64E69EE3F}
		{D34BF4A8-727B-4E11-A8BB-85AA0A256C0A} = {F337FCC2-DE28-4E95-8700-24A64E69EE3F}
		{FA69B4BC-51A5-4761-A23D-668FFC85A1CB} = {F337FCC2-DE28-4E95-8700-24A64E69EE3F}
		{17A6DF7D-2694-4EC9-8B8D-A1FA29DD7C4F} = {F337FCC2-DE28-4E95-8700-24A64E69EE3F}
		{9E95AC6D-B8FE-43F2-98D2-24F2C6A9EE75} = {F337FCC2-DE28-4E95-8700-24A64E69EE3F}
		{07EEFED1-40E4-4333-86AE-8D23055C8FE9} = {F337FCC2-DE28-4E95-8700-24A64E69EE3F}
		{647C81BF-FFB7-4F4F-BBA0-11C9E4A48486} = {F337FCC2-DE28-4E95-8700-24A64E69EE3F}
		{4C571DDC-4594-46B0-B8AC-7B76C103F595} = {F337FCC2-DE28-4E95-8700-24A64E69EE3F}
		{366D543A-749B-4F38-8C2A-2263CA21E071} = {F337FCC2-DE28-4E95-8700-24A64E69EE3F}
		{F7351772-5ECE-413D-B355-B3FC3FA4C209} = {F337FCC2-DE28-4E95-8700-24A64E69EE3F}
		{DDF11295-3773-45CC-BA02-B32B329875A0} = {F337FCC2-DE28-4E95-8700-24A64E69EE3F}
		{7854BA50-54ED-4E54-B7CC-C0D79B1EEF67} = {F337FCC2-DE28-4E95-8700-24A64E69EE3F}
		{8E4271DC-6025-434D-A206-3B40E522C5A2} = {F337FCC2-DE28-4E95-8700-24A64E69EE3F}
		{52A5E6F1-C7AE-412B-A2DD-724CB688B194} = {F337FCC2-DE28-4E95-8700-24A64E69EE3F}
		{68627668-C5D8-4578-9117-652929655315} = {2DF9AC9B-E4D4-457C-9CDC-C00D361BD25A}
		{421603C7-D474-4E8E-B9DA-13C39F1864D4} = {F337FCC2-DE28-4E95-8700-24A64E69EE3F}
		{9AC621E1-913C-4FF8-AECB-6D6067585188} = {F337FCC2-DE28-4E95-8700-24A64E69EE3F}
		{AB044BF2-86F6-4055-B19C-2E3F11CC2D52} = {F337FCC2-DE28-4E95-8700-24A64E69EE3F}
		{570A4F50-16A0-4844-BB4B-866D91385E0C} = {F337FCC2-DE28-4E95-8700-24A64E69EE3F}
		{DF8D5F85-D5A4-4ECB-AE49-ADE8ED3B7F36} = {F337FCC2-DE28-4E95-8700-24A64E69EE3F}
		{3D57DC36-2F8D-4EF4-9C93-CC020900A8B8} = {F337FCC2-DE28-4E95-8700-24A64E69EE3F}
	EndGlobalSection
EndGlobal
